// !$*UTF8*$!
{
	archiveVersion = 1;
	classes = {
	};
	objectVersion = 55;
	objects = {

/* Begin PBXBuildFile section */
		9F356D0B29407E3700AA4258 /* SDWebImage in Frameworks */ = {isa = PBXBuildFile; productRef = 9F356D0A29407E3700AA4258 /* SDWebImage */; };
		9F356D0E2940801100AA4258 /* ListViewModel.m in Sources */ = {isa = PBXBuildFile; fileRef = 9F356D0D2940801000AA4258 /* ListViewModel.m */; };
		9F356D1829408D1700AA4258 /* UserService.swift in Sources */ = {isa = PBXBuildFile; fileRef = 9F356D1729408D1700AA4258 /* UserService.swift */; };
		9F356D1B29408EA100AA4258 /* User.swift in Sources */ = {isa = PBXBuildFile; fileRef = 9F356D1A29408EA100AA4258 /* User.swift */; };
		9F356D1F294094AA00AA4258 /* LocaleUtililty.swift in Sources */ = {isa = PBXBuildFile; fileRef = 9F356D1E294094AA00AA4258 /* LocaleUtililty.swift */; };
		9F4F864C2940796C003CD7D7 /* UserTableViewCell.m in Sources */ = {isa = PBXBuildFile; fileRef = 9F4F864A2940796C003CD7D7 /* UserTableViewCell.m */; };
		9F4F864D2940796C003CD7D7 /* ListTableViewCell.xib in Resources */ = {isa = PBXBuildFile; fileRef = 9F4F864B2940796C003CD7D7 /* ListTableViewCell.xib */; };
		9F904EE12940F48400797EC0 /* HomeViewController.swift in Sources */ = {isa = PBXBuildFile; fileRef = 9F904EDF2940F48400797EC0 /* HomeViewController.swift */; };
		9F904EE22940F48400797EC0 /* HomeViewController.xib in Resources */ = {isa = PBXBuildFile; fileRef = 9F904EE02940F48400797EC0 /* HomeViewController.xib */; };
		9FCE2CD029406593002DAA85 /* AppDelegate.swift in Sources */ = {isa = PBXBuildFile; fileRef = 9FCE2CCF29406593002DAA85 /* AppDelegate.swift */; };
		9FCE2CD229406593002DAA85 /* SceneDelegate.swift in Sources */ = {isa = PBXBuildFile; fileRef = 9FCE2CD129406593002DAA85 /* SceneDelegate.swift */; };
		9FCE2CDA29406593002DAA85 /* InterviewTask.xcdatamodeld in Sources */ = {isa = PBXBuildFile; fileRef = 9FCE2CD829406593002DAA85 /* InterviewTask.xcdatamodeld */; };
		9FCE2CDC29406595002DAA85 /* Assets.xcassets in Resources */ = {isa = PBXBuildFile; fileRef = 9FCE2CDB29406595002DAA85 /* Assets.xcassets */; };
		9FCE2CDF29406595002DAA85 /* LaunchScreen.storyboard in Resources */ = {isa = PBXBuildFile; fileRef = 9FCE2CDD29406595002DAA85 /* LaunchScreen.storyboard */; };
		9FCE2CEE2940680F002DAA85 /* ListTableViewController.m in Sources */ = {isa = PBXBuildFile; fileRef = 9FCE2CEC2940680F002DAA85 /* ListTableViewController.m */; };
		9FCE2CEF2940680F002DAA85 /* ListTableViewController.xib in Resources */ = {isa = PBXBuildFile; fileRef = 9FCE2CED2940680F002DAA85 /* ListTableViewController.xib */; };
		9FCE2CF12940689B002DAA85 /* VCFactory.swift in Sources */ = {isa = PBXBuildFile; fileRef = 9FCE2CF02940689B002DAA85 /* VCFactory.swift */; };
		9FCE2CF529406A33002DAA85 /* UIViewControllerExtension.swift in Sources */ = {isa = PBXBuildFile; fileRef = 9FCE2CF429406A33002DAA85 /* UIViewControllerExtension.swift */; };
/* End PBXBuildFile section */

/* Begin PBXFileReference section */
		9F356D0C2940801000AA4258 /* ListViewModel.h */ = {isa = PBXFileReference; lastKnownFileType = sourcecode.c.h; path = ListViewModel.h; sourceTree = "<group>"; };
		9F356D0D2940801000AA4258 /* ListViewModel.m */ = {isa = PBXFileReference; lastKnownFileType = sourcecode.c.objc; path = ListViewModel.m; sourceTree = "<group>"; };
		9F356D1729408D1700AA4258 /* UserService.swift */ = {isa = PBXFileReference; lastKnownFileType = sourcecode.swift; path = UserService.swift; sourceTree = "<group>"; };
		9F356D1A29408EA100AA4258 /* User.swift */ = {isa = PBXFileReference; lastKnownFileType = sourcecode.swift; path = User.swift; sourceTree = "<group>"; };
		9F356D1D29408F7200AA4258 /* ListViewItem.h */ = {isa = PBXFileReference; lastKnownFileType = sourcecode.c.h; path = ListViewItem.h; sourceTree = "<group>"; };
		9F356D1E294094AA00AA4258 /* LocaleUtililty.swift */ = {isa = PBXFileReference; lastKnownFileType = sourcecode.swift; path = LocaleUtililty.swift; sourceTree = "<group>"; };
		9F4F86492940796C003CD7D7 /* UserTableViewCell.h */ = {isa = PBXFileReference; lastKnownFileType = sourcecode.c.h; path = UserTableViewCell.h; sourceTree = "<group>"; };
		9F4F864A2940796C003CD7D7 /* UserTableViewCell.m */ = {isa = PBXFileReference; lastKnownFileType = sourcecode.c.objc; path = UserTableViewCell.m; sourceTree = "<group>"; };
		9F4F864B2940796C003CD7D7 /* ListTableViewCell.xib */ = {isa = PBXFileReference; lastKnownFileType = file.xib; path = ListTableViewCell.xib; sourceTree = "<group>"; };
		9F89F5072940B883006BF9BB /* ListServiceAdaptorProtocol.h */ = {isa = PBXFileReference; lastKnownFileType = sourcecode.c.h; path = ListServiceAdaptorProtocol.h; sourceTree = "<group>"; };
		9F904EDF2940F48400797EC0 /* HomeViewController.swift */ = {isa = PBXFileReference; lastKnownFileType = sourcecode.swift; path = HomeViewController.swift; sourceTree = "<group>"; };
		9F904EE02940F48400797EC0 /* HomeViewController.xib */ = {isa = PBXFileReference; lastKnownFileType = file.xib; path = HomeViewController.xib; sourceTree = "<group>"; };
		9FCE2CCC29406593002DAA85 /* InterviewTask.app */ = {isa = PBXFileReference; explicitFileType = wrapper.application; includeInIndex = 0; path = InterviewTask.app; sourceTree = BUILT_PRODUCTS_DIR; };
		9FCE2CCF29406593002DAA85 /* AppDelegate.swift */ = {isa = PBXFileReference; lastKnownFileType = sourcecode.swift; path = AppDelegate.swift; sourceTree = "<group>"; };
		9FCE2CD129406593002DAA85 /* SceneDelegate.swift */ = {isa = PBXFileReference; lastKnownFileType = sourcecode.swift; path = SceneDelegate.swift; sourceTree = "<group>"; };
		9FCE2CD929406593002DAA85 /* InterviewTask.xcdatamodel */ = {isa = PBXFileReference; lastKnownFileType = wrapper.xcdatamodel; path = InterviewTask.xcdatamodel; sourceTree = "<group>"; };
		9FCE2CDB29406595002DAA85 /* Assets.xcassets */ = {isa = PBXFileReference; lastKnownFileType = folder.assetcatalog; path = Assets.xcassets; sourceTree = "<group>"; };
		9FCE2CDE29406595002DAA85 /* Base */ = {isa = PBXFileReference; lastKnownFileType = file.storyboard; name = Base; path = Base.lproj/LaunchScreen.storyboard; sourceTree = "<group>"; };
		9FCE2CE029406595002DAA85 /* Info.plist */ = {isa = PBXFileReference; lastKnownFileType = text.plist.xml; path = Info.plist; sourceTree = "<group>"; };
		9FCE2CEA2940680F002DAA85 /* InterviewTask-Bridging-Header.h */ = {isa = PBXFileReference; lastKnownFileType = sourcecode.c.h; path = "InterviewTask-Bridging-Header.h"; sourceTree = "<group>"; };
		9FCE2CEB2940680F002DAA85 /* ListTableViewController.h */ = {isa = PBXFileReference; lastKnownFileType = sourcecode.c.h; path = ListTableViewController.h; sourceTree = "<group>"; };
		9FCE2CEC2940680F002DAA85 /* ListTableViewController.m */ = {isa = PBXFileReference; lastKnownFileType = sourcecode.c.objc; path = ListTableViewController.m; sourceTree = "<group>"; };
		9FCE2CED2940680F002DAA85 /* ListTableViewController.xib */ = {isa = PBXFileReference; lastKnownFileType = file.xib; path = ListTableViewController.xib; sourceTree = "<group>"; };
		9FCE2CF02940689B002DAA85 /* VCFactory.swift */ = {isa = PBXFileReference; lastKnownFileType = sourcecode.swift; path = VCFactory.swift; sourceTree = "<group>"; };
		9FCE2CF429406A33002DAA85 /* UIViewControllerExtension.swift */ = {isa = PBXFileReference; lastKnownFileType = sourcecode.swift; path = UIViewControllerExtension.swift; sourceTree = "<group>"; };
/* End PBXFileReference section */

/* Begin PBXFrameworksBuildPhase section */
		9FCE2CC929406593002DAA85 /* Frameworks */ = {
			isa = PBXFrameworksBuildPhase;
			buildActionMask = 2147483647;
			files = (
				9F356D0B29407E3700AA4258 /* SDWebImage in Frameworks */,
			);
			runOnlyForDeploymentPostprocessing = 0;
		};
/* End PBXFrameworksBuildPhase section */

/* Begin PBXGroup section */
		9F356D1629408CA700AA4258 /* Service */ = {
			isa = PBXGroup;
			children = (
				9F356D1729408D1700AA4258 /* UserService.swift */,
			);
			path = Service;
			sourceTree = "<group>";
		};
		9F356D1929408E9200AA4258 /* Model */ = {
			isa = PBXGroup;
			children = (
				9F356D1A29408EA100AA4258 /* User.swift */,
			);
			path = Model;
			sourceTree = "<group>";
		};
		9F356D1C29408F5100AA4258 /* Protocols */ = {
			isa = PBXGroup;
			children = (
				9F356D1D29408F7200AA4258 /* ListViewItem.h */,
				9F89F5072940B883006BF9BB /* ListServiceAdaptorProtocol.h */,
			);
			path = Protocols;
			sourceTree = "<group>";
		};
		9F4F864829407913003CD7D7 /* Cells */ = {
			isa = PBXGroup;
			children = (
				9F4F86492940796C003CD7D7 /* UserTableViewCell.h */,
				9F4F864A2940796C003CD7D7 /* UserTableViewCell.m */,
				9F4F864B2940796C003CD7D7 /* ListTableViewCell.xib */,
			);
			path = Cells;
			sourceTree = "<group>";
		};
		9F904EDE2940F42F00797EC0 /* Home */ = {
			isa = PBXGroup;
			children = (
				9F904EDF2940F48400797EC0 /* HomeViewController.swift */,
				9F904EE02940F48400797EC0 /* HomeViewController.xib */,
			);
			path = Home;
			sourceTree = "<group>";
		};
		9FCE2CC329406593002DAA85 = {
			isa = PBXGroup;
			children = (
				9FCE2CCE29406593002DAA85 /* InterviewTask */,
				9FCE2CCD29406593002DAA85 /* Products */,
			);
			sourceTree = "<group>";
		};
		9FCE2CCD29406593002DAA85 /* Products */ = {
			isa = PBXGroup;
			children = (
				9FCE2CCC29406593002DAA85 /* InterviewTask.app */,
			);
			name = Products;
			sourceTree = "<group>";
		};
		9FCE2CCE29406593002DAA85 /* InterviewTask */ = {
			isa = PBXGroup;
			children = (
				9FCE2CE7294066CC002DAA85 /* Modules */,
				9FCE2CF2294068A1002DAA85 /* Utility */,
				9FCE2CF329406A10002DAA85 /* Extensions */,
				9FCE2CCF29406593002DAA85 /* AppDelegate.swift */,
				9FCE2CD129406593002DAA85 /* SceneDelegate.swift */,
				9FCE2CDB29406595002DAA85 /* Assets.xcassets */,
				9FCE2CDD29406595002DAA85 /* LaunchScreen.storyboard */,
				9FCE2CEA2940680F002DAA85 /* InterviewTask-Bridging-Header.h */,
				9FCE2CE029406595002DAA85 /* Info.plist */,
				9FCE2CD829406593002DAA85 /* InterviewTask.xcdatamodeld */,
			);
			path = InterviewTask;
			sourceTree = "<group>";
		};
		9FCE2CE7294066CC002DAA85 /* Modules */ = {
			isa = PBXGroup;
			children = (
				9F904EDE2940F42F00797EC0 /* Home */,
				9F356D1929408E9200AA4258 /* Model */,
				9F356D1629408CA700AA4258 /* Service */,
				9FCE2CE9294067C2002DAA85 /* ListVC */,
			);
			path = Modules;
			sourceTree = "<group>";
		};
		9FCE2CE9294067C2002DAA85 /* ListVC */ = {
			isa = PBXGroup;
			children = (
				9F356D1C29408F5100AA4258 /* Protocols */,
				9F4F864829407913003CD7D7 /* Cells */,
				9FCE2CEB2940680F002DAA85 /* ListTableViewController.h */,
				9FCE2CEC2940680F002DAA85 /* ListTableViewController.m */,
				9FCE2CED2940680F002DAA85 /* ListTableViewController.xib */,
				9F356D0C2940801000AA4258 /* ListViewModel.h */,
				9F356D0D2940801000AA4258 /* ListViewModel.m */,
			);
			path = ListVC;
			sourceTree = "<group>";
		};
		9FCE2CF2294068A1002DAA85 /* Utility */ = {
			isa = PBXGroup;
			children = (
				9FCE2CF02940689B002DAA85 /* VCFactory.swift */,
				9F356D1E294094AA00AA4258 /* LocaleUtililty.swift */,
			);
			path = Utility;
			sourceTree = "<group>";
		};
		9FCE2CF329406A10002DAA85 /* Extensions */ = {
			isa = PBXGroup;
			children = (
				9FCE2CF429406A33002DAA85 /* UIViewControllerExtension.swift */,
			);
			path = Extensions;
			sourceTree = "<group>";
		};
/* End PBXGroup section */

/* Begin PBXNativeTarget section */
		9FCE2CCB29406593002DAA85 /* InterviewTask */ = {
			isa = PBXNativeTarget;
			buildConfigurationList = 9FCE2CE329406595002DAA85 /* Build configuration list for PBXNativeTarget "InterviewTask" */;
			buildPhases = (
				9FCE2CC829406593002DAA85 /* Sources */,
				9FCE2CC929406593002DAA85 /* Frameworks */,
				9FCE2CCA29406593002DAA85 /* Resources */,
			);
			buildRules = (
			);
			dependencies = (
			);
			name = InterviewTask;
			packageProductDependencies = (
				9F356D0A29407E3700AA4258 /* SDWebImage */,
			);
			productName = InterviewTask;
			productReference = 9FCE2CCC29406593002DAA85 /* InterviewTask.app */;
			productType = "com.apple.product-type.application";
		};
/* End PBXNativeTarget section */

/* Begin PBXProject section */
		9FCE2CC429406593002DAA85 /* Project object */ = {
			isa = PBXProject;
			attributes = {
				BuildIndependentTargetsInParallel = 1;
				LastSwiftUpdateCheck = 1340;
				LastUpgradeCheck = 1340;
				TargetAttributes = {
					9FCE2CCB29406593002DAA85 = {
						CreatedOnToolsVersion = 13.4.1;
						LastSwiftMigration = 1340;
					};
				};
			};
			buildConfigurationList = 9FCE2CC729406593002DAA85 /* Build configuration list for PBXProject "InterviewTask" */;
			compatibilityVersion = "Xcode 13.0";
			developmentRegion = en;
			hasScannedForEncodings = 0;
			knownRegions = (
				en,
				Base,
			);
			mainGroup = 9FCE2CC329406593002DAA85;
			packageReferences = (
				9F356D0929407E3700AA4258 /* XCRemoteSwiftPackageReference "SDWebImage" */,
			);
			productRefGroup = 9FCE2CCD29406593002DAA85 /* Products */;
			projectDirPath = "";
			projectRoot = "";
			targets = (
				9FCE2CCB29406593002DAA85 /* InterviewTask */,
			);
		};
/* End PBXProject section */

/* Begin PBXResourcesBuildPhase section */
		9FCE2CCA29406593002DAA85 /* Resources */ = {
			isa = PBXResourcesBuildPhase;
			buildActionMask = 2147483647;
			files = (
				9FCE2CDF29406595002DAA85 /* LaunchScreen.storyboard in Resources */,
				9F4F864D2940796C003CD7D7 /* ListTableViewCell.xib in Resources */,
				9F904EE22940F48400797EC0 /* HomeViewController.xib in Resources */,
				9FCE2CDC29406595002DAA85 /* Assets.xcassets in Resources */,
				9FCE2CEF2940680F002DAA85 /* ListTableViewController.xib in Resources */,
			);
			runOnlyForDeploymentPostprocessing = 0;
		};
/* End PBXResourcesBuildPhase section */

/* Begin PBXSourcesBuildPhase section */
		9FCE2CC829406593002DAA85 /* Sources */ = {
			isa = PBXSourcesBuildPhase;
			buildActionMask = 2147483647;
			files = (
				9FCE2CD029406593002DAA85 /* AppDelegate.swift in Sources */,
				9FCE2CF529406A33002DAA85 /* UIViewControllerExtension.swift in Sources */,
				9F356D1829408D1700AA4258 /* UserService.swift in Sources */,
				9F356D0E2940801100AA4258 /* ListViewModel.m in Sources */,
				9FCE2CDA29406593002DAA85 /* InterviewTask.xcdatamodeld in Sources */,
				9FCE2CF12940689B002DAA85 /* VCFactory.swift in Sources */,
				9F4F864C2940796C003CD7D7 /* UserTableViewCell.m in Sources */,
				9FCE2CD229406593002DAA85 /* SceneDelegate.swift in Sources */,
				9F356D1B29408EA100AA4258 /* User.swift in Sources */,
				9F356D1F294094AA00AA4258 /* LocaleUtililty.swift in Sources */,
				9FCE2CEE2940680F002DAA85 /* ListTableViewController.m in Sources */,
				9F904EE12940F48400797EC0 /* HomeViewController.swift in Sources */,
			);
			runOnlyForDeploymentPostprocessing = 0;
		};
/* End PBXSourcesBuildPhase section */

/* Begin PBXVariantGroup section */
		9FCE2CDD29406595002DAA85 /* LaunchScreen.storyboard */ = {
			isa = PBXVariantGroup;
			children = (
				9FCE2CDE29406595002DAA85 /* Base */,
			);
			name = LaunchScreen.storyboard;
			sourceTree = "<group>";
		};
/* End PBXVariantGroup section */

/* Begin XCBuildConfiguration section */
		9FCE2CE129406595002DAA85 /* Debug */ = {
			isa = XCBuildConfiguration;
			buildSettings = {
				ALWAYS_SEARCH_USER_PATHS = NO;
				CLANG_ANALYZER_NONNULL = YES;
				CLANG_ANALYZER_NUMBER_OBJECT_CONVERSION = YES_AGGRESSIVE;
				CLANG_CXX_LANGUAGE_STANDARD = "gnu++17";
				CLANG_ENABLE_MODULES = YES;
				CLANG_ENABLE_OBJC_ARC = YES;
				CLANG_ENABLE_OBJC_WEAK = YES;
				CLANG_WARN_BLOCK_CAPTURE_AUTORELEASING = YES;
				CLANG_WARN_BOOL_CONVERSION = YES;
				CLANG_WARN_COMMA = YES;
				CLANG_WARN_CONSTANT_CONVERSION = YES;
				CLANG_WARN_DEPRECATED_OBJC_IMPLEMENTATIONS = YES;
				CLANG_WARN_DIRECT_OBJC_ISA_USAGE = YES_ERROR;
				CLANG_WARN_DOCUMENTATION_COMMENTS = YES;
				CLANG_WARN_EMPTY_BODY = YES;
				CLANG_WARN_ENUM_CONVERSION = YES;
				CLANG_WARN_INFINITE_RECURSION = YES;
				CLANG_WARN_INT_CONVERSION = YES;
				CLANG_WARN_NON_LITERAL_NULL_CONVERSION = YES;
				CLANG_WARN_OBJC_IMPLICIT_RETAIN_SELF = YES;
				CLANG_WARN_OBJC_LITERAL_CONVERSION = YES;
				CLANG_WARN_OBJC_ROOT_CLASS = YES_ERROR;
				CLANG_WARN_QUOTED_INCLUDE_IN_FRAMEWORK_HEADER = YES;
				CLANG_WARN_RANGE_LOOP_ANALYSIS = YES;
				CLANG_WARN_STRICT_PROTOTYPES = YES;
				CLANG_WARN_SUSPICIOUS_MOVE = YES;
				CLANG_WARN_UNGUARDED_AVAILABILITY = YES_AGGRESSIVE;
				CLANG_WARN_UNREACHABLE_CODE = YES;
				CLANG_WARN__DUPLICATE_METHOD_MATCH = YES;
				COPY_PHASE_STRIP = NO;
				DEBUG_INFORMATION_FORMAT = dwarf;
				ENABLE_STRICT_OBJC_MSGSEND = YES;
				ENABLE_TESTABILITY = YES;
				GCC_C_LANGUAGE_STANDARD = gnu11;
				GCC_DYNAMIC_NO_PIC = NO;
				GCC_NO_COMMON_BLOCKS = YES;
				GCC_OPTIMIZATION_LEVEL = 0;
				GCC_PREPROCESSOR_DEFINITIONS = (
					"DEBUG=1",
					"$(inherited)",
				);
				GCC_WARN_64_TO_32_BIT_CONVERSION = YES;
				GCC_WARN_ABOUT_RETURN_TYPE = YES_ERROR;
				GCC_WARN_UNDECLARED_SELECTOR = YES;
				GCC_WARN_UNINITIALIZED_AUTOS = YES_AGGRESSIVE;
				GCC_WARN_UNUSED_FUNCTION = YES;
				GCC_WARN_UNUSED_VARIABLE = YES;
				IPHONEOS_DEPLOYMENT_TARGET = 15.5;
				MTL_ENABLE_DEBUG_INFO = INCLUDE_SOURCE;
				MTL_FAST_MATH = YES;
				ONLY_ACTIVE_ARCH = YES;
				SDKROOT = iphoneos;
				SWIFT_ACTIVE_COMPILATION_CONDITIONS = DEBUG;
				SWIFT_OPTIMIZATION_LEVEL = "-Onone";
			};
			name = Debug;
		};
		9FCE2CE229406595002DAA85 /* Release */ = {
			isa = XCBuildConfiguration;
			buildSettings = {
				ALWAYS_SEARCH_USER_PATHS = NO;
				CLANG_ANALYZER_NONNULL = YES;
				CLANG_ANALYZER_NUMBER_OBJECT_CONVERSION = YES_AGGRESSIVE;
				CLANG_CXX_LANGUAGE_STANDARD = "gnu++17";
				CLANG_ENABLE_MODULES = YES;
				CLANG_ENABLE_OBJC_ARC = YES;
				CLANG_ENABLE_OBJC_WEAK = YES;
				CLANG_WARN_BLOCK_CAPTURE_AUTORELEASING = YES;
				CLANG_WARN_BOOL_CONVERSION = YES;
				CLANG_WARN_COMMA = YES;
				CLANG_WARN_CONSTANT_CONVERSION = YES;
				CLANG_WARN_DEPRECATED_OBJC_IMPLEMENTATIONS = YES;
				CLANG_WARN_DIRECT_OBJC_ISA_USAGE = YES_ERROR;
				CLANG_WARN_DOCUMENTATION_COMMENTS = YES;
				CLANG_WARN_EMPTY_BODY = YES;
				CLANG_WARN_ENUM_CONVERSION = YES;
				CLANG_WARN_INFINITE_RECURSION = YES;
				CLANG_WARN_INT_CONVERSION = YES;
				CLANG_WARN_NON_LITERAL_NULL_CONVERSION = YES;
				CLANG_WARN_OBJC_IMPLICIT_RETAIN_SELF = YES;
				CLANG_WARN_OBJC_LITERAL_CONVERSION = YES;
				CLANG_WARN_OBJC_ROOT_CLASS = YES_ERROR;
				CLANG_WARN_QUOTED_INCLUDE_IN_FRAMEWORK_HEADER = YES;
				CLANG_WARN_RANGE_LOOP_ANALYSIS = YES;
				CLANG_WARN_STRICT_PROTOTYPES = YES;
				CLANG_WARN_SUSPICIOUS_MOVE = YES;
				CLANG_WARN_UNGUARDED_AVAILABILITY = YES_AGGRESSIVE;
				CLANG_WARN_UNREACHABLE_CODE = YES;
				CLANG_WARN__DUPLICATE_METHOD_MATCH = YES;
				COPY_PHASE_STRIP = NO;
				DEBUG_INFORMATION_FORMAT = "dwarf-with-dsym";
				ENABLE_NS_ASSERTIONS = NO;
				ENABLE_STRICT_OBJC_MSGSEND = YES;
				GCC_C_LANGUAGE_STANDARD = gnu11;
				GCC_NO_COMMON_BLOCKS = YES;
				GCC_WARN_64_TO_32_BIT_CONVERSION = YES;
				GCC_WARN_ABOUT_RETURN_TYPE = YES_ERROR;
				GCC_WARN_UNDECLARED_SELECTOR = YES;
				GCC_WARN_UNINITIALIZED_AUTOS = YES_AGGRESSIVE;
				GCC_WARN_UNUSED_FUNCTION = YES;
				GCC_WARN_UNUSED_VARIABLE = YES;
				IPHONEOS_DEPLOYMENT_TARGET = 15.5;
				MTL_ENABLE_DEBUG_INFO = NO;
				MTL_FAST_MATH = YES;
				SDKROOT = iphoneos;
				SWIFT_COMPILATION_MODE = wholemodule;
				SWIFT_OPTIMIZATION_LEVEL = "-O";
				VALIDATE_PRODUCT = YES;
			};
			name = Release;
		};
		9FCE2CE429406595002DAA85 /* Debug */ = {
			isa = XCBuildConfiguration;
			buildSettings = {
				ASSETCATALOG_COMPILER_APPICON_NAME = AppIcon;
				ASSETCATALOG_COMPILER_GLOBAL_ACCENT_COLOR_NAME = AccentColor;
				CLANG_ENABLE_MODULES = YES;
				CODE_SIGN_STYLE = Automatic;
				CURRENT_PROJECT_VERSION = 1;
				DEVELOPMENT_TEAM = J4K3SL9ZKL;
				GENERATE_INFOPLIST_FILE = YES;
				INFOPLIST_FILE = InterviewTask/Info.plist;
				INFOPLIST_KEY_UIApplicationSupportsIndirectInputEvents = YES;
				INFOPLIST_KEY_UILaunchStoryboardName = LaunchScreen;
				INFOPLIST_KEY_UISupportedInterfaceOrientations_iPad = "UIInterfaceOrientationPortrait UIInterfaceOrientationPortraitUpsideDown UIInterfaceOrientationLandscapeLeft UIInterfaceOrientationLandscapeRight";
				INFOPLIST_KEY_UISupportedInterfaceOrientations_iPhone = "UIInterfaceOrientationPortrait UIInterfaceOrientationLandscapeLeft UIInterfaceOrientationLandscapeRight";
				IPHONEOS_DEPLOYMENT_TARGET = 15.0;
				LD_RUNPATH_SEARCH_PATHS = (
					"$(inherited)",
					"@executable_path/Frameworks",
				);
				MARKETING_VERSION = 1.0;
				PRODUCT_BUNDLE_IDENTIFIER = com.landapp;
				PRODUCT_NAME = "$(TARGET_NAME)";
				SWIFT_EMIT_LOC_STRINGS = YES;
				SWIFT_OBJC_BRIDGING_HEADER = "InterviewTask/InterviewTask-Bridging-Header.h";
				SWIFT_OPTIMIZATION_LEVEL = "-Onone";
				SWIFT_VERSION = 5.0;
				TARGETED_DEVICE_FAMILY = 1;
			};
			name = Debug;
		};
		9FCE2CE529406595002DAA85 /* Release */ = {
			isa = XCBuildConfiguration;
			buildSettings = {
				ASSETCATALOG_COMPILER_APPICON_NAME = AppIcon;
				ASSETCATALOG_COMPILER_GLOBAL_ACCENT_COLOR_NAME = AccentColor;
				CLANG_ENABLE_MODULES = YES;
				CODE_SIGN_STYLE = Automatic;
				CURRENT_PROJECT_VERSION = 1;
				DEVELOPMENT_TEAM = J4K3SL9ZKL;
				GENERATE_INFOPLIST_FILE = YES;
				INFOPLIST_FILE = InterviewTask/Info.plist;
				INFOPLIST_KEY_UIApplicationSupportsIndirectInputEvents = YES;
				INFOPLIST_KEY_UILaunchStoryboardName = LaunchScreen;
				INFOPLIST_KEY_UISupportedInterfaceOrientations_iPad = "UIInterfaceOrientationPortrait UIInterfaceOrientationPortraitUpsideDown UIInterfaceOrientationLandscapeLeft UIInterfaceOrientationLandscapeRight";
				INFOPLIST_KEY_UISupportedInterfaceOrientations_iPhone = "UIInterfaceOrientationPortrait UIInterfaceOrientationLandscapeLeft UIInterfaceOrientationLandscapeRight";
				IPHONEOS_DEPLOYMENT_TARGET = 15.0;
				LD_RUNPATH_SEARCH_PATHS = (
					"$(inherited)",
					"@executable_path/Frameworks",
				);
				MARKETING_VERSION = 1.0;
				PRODUCT_BUNDLE_IDENTIFIER = com.landapp;
				PRODUCT_NAME = "$(TARGET_NAME)";
				SWIFT_EMIT_LOC_STRINGS = YES;
				SWIFT_OBJC_BRIDGING_HEADER = "InterviewTask/InterviewTask-Bridging-Header.h";
				SWIFT_VERSION = 5.0;
				TARGETED_DEVICE_FAMILY = 1;
			};
			name = Release;
		};
/* End XCBuildConfiguration section */

/* Begin XCConfigurationList section */
		9FCE2CC729406593002DAA85 /* Build configuration list for PBXProject "InterviewTask" */ = {
			isa = XCConfigurationList;
			buildConfigurations = (
				9FCE2CE129406595002DAA85 /* Debug */,
				9FCE2CE229406595002DAA85 /* Release */,
			);
			defaultConfigurationIsVisible = 0;
			defaultConfigurationName = Release;
		};
		9FCE2CE329406595002DAA85 /* Build configuration list for PBXNativeTarget "InterviewTask" */ = {
			isa = XCConfigurationList;
			buildConfigurations = (
				9FCE2CE429406595002DAA85 /* Debug */,
				9FCE2CE529406595002DAA85 /* Release */,
			);
			defaultConfigurationIsVisible = 0;
			defaultConfigurationName = Release;
		};
/* End XCConfigurationList section */

/* Begin XCRemoteSwiftPackageReference section */
		9F356D0929407E3700AA4258 /* XCRemoteSwiftPackageReference "SDWebImage" */ = {
			isa = XCRemoteSwiftPackageReference;
			repositoryURL = "https://github.com/SDWebImage/SDWebImage";
			requirement = {
				branch = master;
				kind = branch;
			};
		};
/* End XCRemoteSwiftPackageReference section */

/* Begin XCSwiftPackageProductDependency section */
		9F356D0A29407E3700AA4258 /* SDWebImage */ = {
			isa = XCSwiftPackageProductDependency;
			package = 9F356D0929407E3700AA4258 /* XCRemoteSwiftPackageReference "SDWebImage" */;
			productName = SDWebImage;
		};
/* End XCSwiftPackageProductDependency section */

/* Begin XCVersionGroup section */
		9FCE2CD829406593002DAA85 /* InterviewTask.xcdatamodeld */ = {
			isa = XCVersionGroup;
			children = (
				9FCE2CD929406593002DAA85 /* InterviewTask.xcdatamodel */,
			);
			currentVersion = 9FCE2CD929406593002DAA85 /* InterviewTask.xcdatamodel */;
			path = InterviewTask.xcdatamodeld;
			sourceTree = "<group>";
			versionGroupType = wrapper.xcdatamodel;
		};
/* End XCVersionGroup section */
	};
	rootObject = 9FCE2CC429406593002DAA85 /* Project object */;
}
